
Microsoft Visual Studio Solution File, Format Version 12.00
# Visual Studio Version 17
VisualStudioVersion = 17.4.33122.133
MinimumVisualStudioVersion = 10.0.40219.1
Project("{FAE04EC0-301F-11D3-BF4B-00C04F79EFBC}") = "Flight Booking", "Flight Booking\Flight Booking.csproj", "{2B5A0306-9F29-4D3C-936D-51340E9D4E71}"
EndProject
Global
	GlobalSection(SolutionConfigurationPlatforms) = preSolution
		Debug|Any CPU = Debug|Any CPU
		Release|Any CPU = Release|Any CPU
	EndGlobalSection
	GlobalSection(ProjectConfigurationPlatforms) = postSolution
		{2B5A0306-9F29-4D3C-936D-51340E9D4E71}.Debug|Any CPU.ActiveCfg = Debug|Any CPU
		{2B5A0306-9F29-4D3C-936D-51340E9D4E71}.Debug|Any CPU.Build.0 = Debug|Any CPU
		{2B5A0306-9F29-4D3C-936D-51340E9D4E71}.Release|Any CPU.ActiveCfg = Release|Any CPU
		{2B5A0306-9F29-4D3C-936D-51340E9D4E71}.Release|Any CPU.Build.0 = Release|Any CPU
	EndGlobalSection
	GlobalSection(SolutionProperties) = preSolution
		HideSolutionNode = FALSE
	EndGlobalSection
	GlobalSection(ExtensibilityGlobals) = postSolution
		SolutionGuid = {A1907923-2084-44E9-A1D5-279150D59458}
	EndGlobalSection
EndGlobal
